
Microsoft Visual Studio Solution File, Format Version 12.00
# Visual Studio 15
VisualStudioVersion = 15.0.28307.168
MinimumVisualStudioVersion = 10.0.40219.1
Project("{2150E333-8FDC-42A3-9474-1A3956D46DE8}") = "src", "src", "{92FD385D-01F3-4429-80D9-E87E1F8BA259}"
EndProject
Project("{2150E333-8FDC-42A3-9474-1A3956D46DE8}") = "sample", "sample", "{E96A1CF2-9C55-48E9-940B-91ABC30B635E}"
EndProject
Project("{9A19103F-16F7-4668-BE54-9A1E7A4F7556}") = "Pomelo.EntityFrameworkCore.MyCat", "src\Pomelo.EntityFrameworkCore.MyCat\Pomelo.EntityFrameworkCore.MyCat.csproj", "{9436189C-B863-481F-BC83-E275619E4AF6}"
EndProject
Project("{9A19103F-16F7-4668-BE54-9A1E7A4F7556}") = "MyCatSample", "sample\MyCatSample\MyCatSample.csproj", "{CC9D6A40-3522-498B-AB6D-522455CED6EA}"
EndProject
Global
	GlobalSection(SolutionConfigurationPlatforms) = preSolution
		Debug|Any CPU = Debug|Any CPU
		Release|Any CPU = Release|Any CPU
	EndGlobalSection
	GlobalSection(ProjectConfigurationPlatforms) = postSolution
		{9436189C-B863-481F-BC83-E275619E4AF6}.Debug|Any CPU.ActiveCfg = Debug|Any CPU
		{9436189C-B863-481F-BC83-E275619E4AF6}.Debug|Any CPU.Build.0 = Debug|Any CPU
		{9436189C-B863-481F-BC83-E275619E4AF6}.Release|Any CPU.ActiveCfg = Release|Any CPU
		{9436189C-B863-481F-BC83-E275619E4AF6}.Release|Any CPU.Build.0 = Release|Any CPU
		{CC9D6A40-3522-498B-AB6D-522455CED6EA}.Debug|Any CPU.ActiveCfg = Debug|Any CPU
		{CC9D6A40-3522-498B-AB6D-522455CED6EA}.Debug|Any CPU.Build.0 = Debug|Any CPU
		{CC9D6A40-3522-498B-AB6D-522455CED6EA}.Release|Any CPU.ActiveCfg = Release|Any CPU
		{CC9D6A40-3522-498B-AB6D-522455CED6EA}.Release|Any CPU.Build.0 = Release|Any CPU
	EndGlobalSection
	GlobalSection(SolutionProperties) = preSolution
		HideSolutionNode = FALSE
	EndGlobalSection
	GlobalSection(NestedProjects) = preSolution
		{9436189C-B863-481F-BC83-E275619E4AF6} = {92FD385D-01F3-4429-80D9-E87E1F8BA259}
		{CC9D6A40-3522-498B-AB6D-522455CED6EA} = {E96A1CF2-9C55-48E9-940B-91ABC30B635E}
	EndGlobalSection
	GlobalSection(ExtensibilityGlobals) = postSolution
		SolutionGuid = {DD62B822-049F-4E08-B631-EC8396B76DAD}
	EndGlobalSection
EndGlobal
